# This file is automatically @generated by Cargo.
# It is not intended for manual editing.
version = 4

[[package]]
name = "example-app"
version = "1.2.3"
dependencies = [
 "leftpad 1.0.0",
 "leftpad 2.0.0",
]

[[package]]
name = "leftpad"
version = "1.0.0"
source = "registry+https://github.com/rust-lang/crates.io-index"
checksum = "aaaaaaaabbbbbbbbccccccccddddddddeeeeeeeeffffffff0000000011111111"

[[package]]
name = "leftpad"
version = "2.0.0"
source = "git+https://example.invalid/leftpad.git"
