# This file is automatically @generated by Cargo.
# It is not intended for manual editing.
version = 4

[[package]]
name = "example-app"
version = "1.2.3"
dependencies = [
 "example-core",
 "leftpad",
 "rightpad",
]

[[package]]
name = "example-core"
version = "0.2.0"
dependencies = [
 "leftpad",
]

[[package]]
name = "leftpad"
version = "1.0.0"
source = "registry+https://github.com/rust-lang/crates.io-index"
checksum = "1111111122222222333333334444444455555555666666667777777788888888"

[[package]]
name = "rightpad"
version = "0.4.0"
source = "registry+https://github.com/rust-lang/crates.io-index"
checksum = "99999999aaaaaaaabbbbbbbbccccccccddddddddeeeeeeeeffffffff00000000"
