# This file is automatically @generated by Cargo.
# It is not intended for manual editing.
version = 3

[[package]]
name = "example-app"
version = "1.2.3"
dependencies = [
 "leftpad",
 "localpad",
]

[[package]]
name = "leftpad"
version = "1.0.0"
source = "registry+https://github.com/rust-lang/crates.io-index"
checksum = "1111111122222222333333334444444455555555666666667777777788888888"

[[package]]
name = "localpad"
version = "0.5.0"
source = "path+file:///workspace/vendored/localpad"
